
Microsoft Visual Studio Solution File, Format Version 12.00
# Visual Studio 15
VisualStudioVersion = 15.0.27130.0
MinimumVisualStudioVersion = 10.0.40219.1
Project("{2150E333-8FDC-42A3-9474-1A3956D46DE8}") = "src", "src", "{2E623577-C14B-42DB-97D3-EBF1E1B5B554}"
EndProject
Project("{9A19103F-16F7-4668-BE54-9A1E7A4F7556}") = "Butterfly.Core", "src\Butterfly.Core\Butterfly.Core.csproj", "{ED0C7CB9-CF67-404B-A788-03646BF351F5}"
EndProject
Project("{2150E333-8FDC-42A3-9474-1A3956D46DE8}") = "Storage", "Storage", "{6EB52406-41A3-492D-90B6-2EF0CB0B222F}"
EndProject
Project("{2150E333-8FDC-42A3-9474-1A3956D46DE8}") = "Collector", "Collector", "{2CD13284-D7A4-4C5F-AC42-8371A7D02109}"
EndProject
Project("{2150E333-8FDC-42A3-9474-1A3956D46DE8}") = "Core", "Core", "{F5006079-5343-40F4-A68D-8435DE36353D}"
EndProject
Project("{2150E333-8FDC-42A3-9474-1A3956D46DE8}") = "Web", "Web", "{BD349368-FB1D-4C0E-B117-C8CA80DBC5FA}"
EndProject
Project("{9A19103F-16F7-4668-BE54-9A1E7A4F7556}") = "Butterfly.DataContract", "src\Butterfly.DataContract\Butterfly.DataContract.csproj", "{E6A100D1-BE31-48E1-9AFD-8E3777623DD8}"
EndProject
Project("{9A19103F-16F7-4668-BE54-9A1E7A4F7556}") = "Butterfly.EntityFrameworkCore", "src\Butterfly.EntityFrameworkCore\Butterfly.EntityFrameworkCore.csproj", "{51D91BD8-2DB7-4C8A-B07E-CD3BBD81C754}"
EndProject
Project("{9A19103F-16F7-4668-BE54-9A1E7A4F7556}") = "Butterfly.Elasticsearch", "src\Butterfly.Elasticsearch\Butterfly.Elasticsearch.csproj", "{5DA68189-6E2A-4741-B1DE-D3C43B5A8DC1}"
EndProject
Project("{2150E333-8FDC-42A3-9474-1A3956D46DE8}") = "solution items", "solution items", "{BF3F1A5F-28F6-4E2D-802A-594C98DA5A45}"
	ProjectSection(SolutionItems) = preProject
		README.md = README.md
		build\version.props = build\version.props
	EndProjectSection
EndProject
Project("{9A19103F-16F7-4668-BE54-9A1E7A4F7556}") = "Butterfly.HttpCollector", "src\Butterfly.HttpCollector\Butterfly.HttpCollector.csproj", "{F7169B83-8AB7-480F-9FDF-F9FBD4CCC12F}"
EndProject
Project("{9A19103F-16F7-4668-BE54-9A1E7A4F7556}") = "Butterfly.Web", "src\Butterfly.Web\Butterfly.Web.csproj", "{730CA734-C3E9-4DFF-8DFB-9E73ED52504E}"
EndProject
Global
	GlobalSection(SolutionConfigurationPlatforms) = preSolution
		Debug|Any CPU = Debug|Any CPU
		Release|Any CPU = Release|Any CPU
	EndGlobalSection
	GlobalSection(ProjectConfigurationPlatforms) = postSolution
		{ED0C7CB9-CF67-404B-A788-03646BF351F5}.Debug|Any CPU.ActiveCfg = Debug|Any CPU
		{ED0C7CB9-CF67-404B-A788-03646BF351F5}.Debug|Any CPU.Build.0 = Debug|Any CPU
		{ED0C7CB9-CF67-404B-A788-03646BF351F5}.Release|Any CPU.ActiveCfg = Release|Any CPU
		{ED0C7CB9-CF67-404B-A788-03646BF351F5}.Release|Any CPU.Build.0 = Release|Any CPU
		{E6A100D1-BE31-48E1-9AFD-8E3777623DD8}.Debug|Any CPU.ActiveCfg = Debug|Any CPU
		{E6A100D1-BE31-48E1-9AFD-8E3777623DD8}.Debug|Any CPU.Build.0 = Debug|Any CPU
		{E6A100D1-BE31-48E1-9AFD-8E3777623DD8}.Release|Any CPU.ActiveCfg = Release|Any CPU
		{E6A100D1-BE31-48E1-9AFD-8E3777623DD8}.Release|Any CPU.Build.0 = Release|Any CPU
		{51D91BD8-2DB7-4C8A-B07E-CD3BBD81C754}.Debug|Any CPU.ActiveCfg = Debug|Any CPU
		{51D91BD8-2DB7-4C8A-B07E-CD3BBD81C754}.Debug|Any CPU.Build.0 = Debug|Any CPU
		{51D91BD8-2DB7-4C8A-B07E-CD3BBD81C754}.Release|Any CPU.ActiveCfg = Release|Any CPU
		{51D91BD8-2DB7-4C8A-B07E-CD3BBD81C754}.Release|Any CPU.Build.0 = Release|Any CPU
		{5DA68189-6E2A-4741-B1DE-D3C43B5A8DC1}.Debug|Any CPU.ActiveCfg = Debug|Any CPU
		{5DA68189-6E2A-4741-B1DE-D3C43B5A8DC1}.Debug|Any CPU.Build.0 = Debug|Any CPU
		{5DA68189-6E2A-4741-B1DE-D3C43B5A8DC1}.Release|Any CPU.ActiveCfg = Release|Any CPU
		{5DA68189-6E2A-4741-B1DE-D3C43B5A8DC1}.Release|Any CPU.Build.0 = Release|Any CPU
		{F7169B83-8AB7-480F-9FDF-F9FBD4CCC12F}.Debug|Any CPU.ActiveCfg = Debug|Any CPU
		{F7169B83-8AB7-480F-9FDF-F9FBD4CCC12F}.Debug|Any CPU.Build.0 = Debug|Any CPU
		{F7169B83-8AB7-480F-9FDF-F9FBD4CCC12F}.Release|Any CPU.ActiveCfg = Release|Any CPU
		{F7169B83-8AB7-480F-9FDF-F9FBD4CCC12F}.Release|Any CPU.Build.0 = Release|Any CPU
		{730CA734-C3E9-4DFF-8DFB-9E73ED52504E}.Debug|Any CPU.ActiveCfg = Debug|Any CPU
		{730CA734-C3E9-4DFF-8DFB-9E73ED52504E}.Debug|Any CPU.Build.0 = Debug|Any CPU
		{730CA734-C3E9-4DFF-8DFB-9E73ED52504E}.Release|Any CPU.ActiveCfg = Release|Any CPU
		{730CA734-C3E9-4DFF-8DFB-9E73ED52504E}.Release|Any CPU.Build.0 = Release|Any CPU
	EndGlobalSection
	GlobalSection(SolutionProperties) = preSolution
		HideSolutionNode = FALSE
	EndGlobalSection
	GlobalSection(NestedProjects) = preSolution
		{ED0C7CB9-CF67-404B-A788-03646BF351F5} = {F5006079-5343-40F4-A68D-8435DE36353D}
		{6EB52406-41A3-492D-90B6-2EF0CB0B222F} = {2E623577-C14B-42DB-97D3-EBF1E1B5B554}
		{2CD13284-D7A4-4C5F-AC42-8371A7D02109} = {2E623577-C14B-42DB-97D3-EBF1E1B5B554}
		{F5006079-5343-40F4-A68D-8435DE36353D} = {2E623577-C14B-42DB-97D3-EBF1E1B5B554}
		{BD349368-FB1D-4C0E-B117-C8CA80DBC5FA} = {2E623577-C14B-42DB-97D3-EBF1E1B5B554}
		{E6A100D1-BE31-48E1-9AFD-8E3777623DD8} = {F5006079-5343-40F4-A68D-8435DE36353D}
		{51D91BD8-2DB7-4C8A-B07E-CD3BBD81C754} = {6EB52406-41A3-492D-90B6-2EF0CB0B222F}
		{5DA68189-6E2A-4741-B1DE-D3C43B5A8DC1} = {6EB52406-41A3-492D-90B6-2EF0CB0B222F}
		{F7169B83-8AB7-480F-9FDF-F9FBD4CCC12F} = {2CD13284-D7A4-4C5F-AC42-8371A7D02109}
		{730CA734-C3E9-4DFF-8DFB-9E73ED52504E} = {BD349368-FB1D-4C0E-B117-C8CA80DBC5FA}
	EndGlobalSection
	GlobalSection(ExtensibilityGlobals) = postSolution
		SolutionGuid = {3D45CC9B-D8C6-4DC1-8D68-09FBCD9371A8}
	EndGlobalSection
EndGlobal
