
Microsoft Visual Studio Solution File, Format Version 12.00
# Visual Studio 15
VisualStudioVersion = 15.0.27130.0
MinimumVisualStudioVersion = 10.0.40219.1
Project("{2150E333-8FDC-42A3-9474-1A3956D46DE8}") = "src", "src", "{2E623577-C14B-42DB-97D3-EBF1E1B5B554}"
EndProject
Project("{9A19103F-16F7-4668-BE54-9A1E7A4F7556}") = "Butterfly.Core", "src\Butterfly.Core\Butterfly.Core.csproj", "{ED0C7CB9-CF67-404B-A788-03646BF351F5}"
EndProject
Project("{2150E333-8FDC-42A3-9474-1A3956D46DE8}") = "Storage", "Storage", "{6EB52406-41A3-492D-90B6-2EF0CB0B222F}"
EndProject
Project("{2150E333-8FDC-42A3-9474-1A3956D46DE8}") = "Collector", "Collector", "{2CD13284-D7A4-4C5F-AC42-8371A7D02109}"
EndProject
Project("{2150E333-8FDC-42A3-9474-1A3956D46DE8}") = "Core", "Core", "{F5006079-5343-40F4-A68D-8435DE36353D}"
EndProject
Project("{2150E333-8FDC-42A3-9474-1A3956D46DE8}") = "Server", "Server", "{BD349368-FB1D-4C0E-B117-C8CA80DBC5FA}"
EndProject
Project("{2150E333-8FDC-42A3-9474-1A3956D46DE8}") = "Flow", "Flow", "{2F9B9267-7F12-44F1-B073-6BF587DD59EF}"
EndProject
Project("{FAE04EC0-301F-11D3-BF4B-00C04F79EFBC}") = "Butterfly.DataContract", "src\Butterfly.DataContract\Butterfly.DataContract.csproj", "{E6A100D1-BE31-48E1-9AFD-8E3777623DD8}"
EndProject
Project("{FAE04EC0-301F-11D3-BF4B-00C04F79EFBC}") = "Butterfly.EntityFrameworkCore", "src\Butterfly.EntityFrameworkCore\Butterfly.EntityFrameworkCore.csproj", "{51D91BD8-2DB7-4C8A-B07E-CD3BBD81C754}"
EndProject
Project("{FAE04EC0-301F-11D3-BF4B-00C04F79EFBC}") = "Butterfly.Flow.InMemory", "src\Butterfly.Flow.InMemory\Butterfly.Flow.InMemory.csproj", "{74D6368F-7AC6-4C6F-9AD3-E72B3BB24CA0}"
EndProject
Project("{FAE04EC0-301F-11D3-BF4B-00C04F79EFBC}") = "Butterfly.Server", "src\Butterfly.Server\Butterfly.Server.csproj", "{102CEB77-5911-47F4-99E6-FC3FC97FC989}"
EndProject
Global
	GlobalSection(SolutionConfigurationPlatforms) = preSolution
		Debug|Any CPU = Debug|Any CPU
		Release|Any CPU = Release|Any CPU
	EndGlobalSection
	GlobalSection(ProjectConfigurationPlatforms) = postSolution
		{ED0C7CB9-CF67-404B-A788-03646BF351F5}.Debug|Any CPU.ActiveCfg = Debug|Any CPU
		{ED0C7CB9-CF67-404B-A788-03646BF351F5}.Debug|Any CPU.Build.0 = Debug|Any CPU
		{ED0C7CB9-CF67-404B-A788-03646BF351F5}.Release|Any CPU.ActiveCfg = Release|Any CPU
		{ED0C7CB9-CF67-404B-A788-03646BF351F5}.Release|Any CPU.Build.0 = Release|Any CPU
		{E6A100D1-BE31-48E1-9AFD-8E3777623DD8}.Debug|Any CPU.ActiveCfg = Debug|Any CPU
		{E6A100D1-BE31-48E1-9AFD-8E3777623DD8}.Debug|Any CPU.Build.0 = Debug|Any CPU
		{E6A100D1-BE31-48E1-9AFD-8E3777623DD8}.Release|Any CPU.ActiveCfg = Release|Any CPU
		{E6A100D1-BE31-48E1-9AFD-8E3777623DD8}.Release|Any CPU.Build.0 = Release|Any CPU
		{51D91BD8-2DB7-4C8A-B07E-CD3BBD81C754}.Debug|Any CPU.ActiveCfg = Debug|Any CPU
		{51D91BD8-2DB7-4C8A-B07E-CD3BBD81C754}.Debug|Any CPU.Build.0 = Debug|Any CPU
		{51D91BD8-2DB7-4C8A-B07E-CD3BBD81C754}.Release|Any CPU.ActiveCfg = Release|Any CPU
		{51D91BD8-2DB7-4C8A-B07E-CD3BBD81C754}.Release|Any CPU.Build.0 = Release|Any CPU
		{74D6368F-7AC6-4C6F-9AD3-E72B3BB24CA0}.Debug|Any CPU.ActiveCfg = Debug|Any CPU
		{74D6368F-7AC6-4C6F-9AD3-E72B3BB24CA0}.Debug|Any CPU.Build.0 = Debug|Any CPU
		{74D6368F-7AC6-4C6F-9AD3-E72B3BB24CA0}.Release|Any CPU.ActiveCfg = Release|Any CPU
		{74D6368F-7AC6-4C6F-9AD3-E72B3BB24CA0}.Release|Any CPU.Build.0 = Release|Any CPU
		{102CEB77-5911-47F4-99E6-FC3FC97FC989}.Debug|Any CPU.ActiveCfg = Debug|Any CPU
		{102CEB77-5911-47F4-99E6-FC3FC97FC989}.Debug|Any CPU.Build.0 = Debug|Any CPU
		{102CEB77-5911-47F4-99E6-FC3FC97FC989}.Release|Any CPU.ActiveCfg = Release|Any CPU
		{102CEB77-5911-47F4-99E6-FC3FC97FC989}.Release|Any CPU.Build.0 = Release|Any CPU
	EndGlobalSection
	GlobalSection(SolutionProperties) = preSolution
		HideSolutionNode = FALSE
	EndGlobalSection
	GlobalSection(NestedProjects) = preSolution
		{ED0C7CB9-CF67-404B-A788-03646BF351F5} = {F5006079-5343-40F4-A68D-8435DE36353D}
		{6EB52406-41A3-492D-90B6-2EF0CB0B222F} = {2E623577-C14B-42DB-97D3-EBF1E1B5B554}
		{2CD13284-D7A4-4C5F-AC42-8371A7D02109} = {2E623577-C14B-42DB-97D3-EBF1E1B5B554}
		{F5006079-5343-40F4-A68D-8435DE36353D} = {2E623577-C14B-42DB-97D3-EBF1E1B5B554}
		{BD349368-FB1D-4C0E-B117-C8CA80DBC5FA} = {2E623577-C14B-42DB-97D3-EBF1E1B5B554}
		{2F9B9267-7F12-44F1-B073-6BF587DD59EF} = {2E623577-C14B-42DB-97D3-EBF1E1B5B554}
		{E6A100D1-BE31-48E1-9AFD-8E3777623DD8} = {F5006079-5343-40F4-A68D-8435DE36353D}
		{51D91BD8-2DB7-4C8A-B07E-CD3BBD81C754} = {6EB52406-41A3-492D-90B6-2EF0CB0B222F}
		{74D6368F-7AC6-4C6F-9AD3-E72B3BB24CA0} = {2F9B9267-7F12-44F1-B073-6BF587DD59EF}
		{102CEB77-5911-47F4-99E6-FC3FC97FC989} = {BD349368-FB1D-4C0E-B117-C8CA80DBC5FA}
	EndGlobalSection
	GlobalSection(ExtensibilityGlobals) = postSolution
		SolutionGuid = {3D45CC9B-D8C6-4DC1-8D68-09FBCD9371A8}
	EndGlobalSection
EndGlobal
