
Microsoft Visual Studio Solution File, Format Version 12.00
# Visual Studio 15
VisualStudioVersion = 15.0.27004.2002
MinimumVisualStudioVersion = 10.0.40219.1
Project("{2150E333-8FDC-42A3-9474-1A3956D46DE8}") = "src", "src", "{2E623577-C14B-42DB-97D3-EBF1E1B5B554}"
EndProject
Project("{9A19103F-16F7-4668-BE54-9A1E7A4F7556}") = "Butterfly.OpenTracing", "src\Butterfly.OpenTracing\Butterfly.OpenTracing.csproj", "{3539233D-B905-497F-8178-2304CBDBA768}"
EndProject
Project("{9A19103F-16F7-4668-BE54-9A1E7A4F7556}") = "Butterfly.Core", "src\Butterfly.Core\Butterfly.Core.csproj", "{ED0C7CB9-CF67-404B-A788-03646BF351F5}"
EndProject
Project("{FAE04EC0-301F-11D3-BF4B-00C04F79EFBC}") = "Butterfly.Server", "src\Butterfly.Server\Butterfly.Server.csproj", "{435C00C6-DF6A-487B-986C-E2A346D9A064}"
EndProject
Project("{FAE04EC0-301F-11D3-BF4B-00C04F79EFBC}") = "Butterfly.Protocal", "src\Butterfly.Protocal\Butterfly.Protocal.csproj", "{D4A728C1-35D6-4107-B52C-16E44B46F1F1}"
EndProject
Project("{FAE04EC0-301F-11D3-BF4B-00C04F79EFBC}") = "Butterfly.EntityFrameworkCore", "src\Butterfly.EntityFrameworkCore\Butterfly.EntityFrameworkCore.csproj", "{800A2351-F707-42EF-8A35-209F82563DF9}"
EndProject
Global
	GlobalSection(SolutionConfigurationPlatforms) = preSolution
		Debug|Any CPU = Debug|Any CPU
		Release|Any CPU = Release|Any CPU
	EndGlobalSection
	GlobalSection(ProjectConfigurationPlatforms) = postSolution
		{3539233D-B905-497F-8178-2304CBDBA768}.Debug|Any CPU.ActiveCfg = Debug|Any CPU
		{3539233D-B905-497F-8178-2304CBDBA768}.Debug|Any CPU.Build.0 = Debug|Any CPU
		{3539233D-B905-497F-8178-2304CBDBA768}.Release|Any CPU.ActiveCfg = Release|Any CPU
		{3539233D-B905-497F-8178-2304CBDBA768}.Release|Any CPU.Build.0 = Release|Any CPU
		{ED0C7CB9-CF67-404B-A788-03646BF351F5}.Debug|Any CPU.ActiveCfg = Debug|Any CPU
		{ED0C7CB9-CF67-404B-A788-03646BF351F5}.Debug|Any CPU.Build.0 = Debug|Any CPU
		{ED0C7CB9-CF67-404B-A788-03646BF351F5}.Release|Any CPU.ActiveCfg = Release|Any CPU
		{ED0C7CB9-CF67-404B-A788-03646BF351F5}.Release|Any CPU.Build.0 = Release|Any CPU
		{435C00C6-DF6A-487B-986C-E2A346D9A064}.Debug|Any CPU.ActiveCfg = Debug|Any CPU
		{435C00C6-DF6A-487B-986C-E2A346D9A064}.Debug|Any CPU.Build.0 = Debug|Any CPU
		{435C00C6-DF6A-487B-986C-E2A346D9A064}.Release|Any CPU.ActiveCfg = Release|Any CPU
		{435C00C6-DF6A-487B-986C-E2A346D9A064}.Release|Any CPU.Build.0 = Release|Any CPU
		{D4A728C1-35D6-4107-B52C-16E44B46F1F1}.Debug|Any CPU.ActiveCfg = Debug|Any CPU
		{D4A728C1-35D6-4107-B52C-16E44B46F1F1}.Debug|Any CPU.Build.0 = Debug|Any CPU
		{D4A728C1-35D6-4107-B52C-16E44B46F1F1}.Release|Any CPU.ActiveCfg = Release|Any CPU
		{D4A728C1-35D6-4107-B52C-16E44B46F1F1}.Release|Any CPU.Build.0 = Release|Any CPU
		{800A2351-F707-42EF-8A35-209F82563DF9}.Debug|Any CPU.ActiveCfg = Debug|Any CPU
		{800A2351-F707-42EF-8A35-209F82563DF9}.Debug|Any CPU.Build.0 = Debug|Any CPU
		{800A2351-F707-42EF-8A35-209F82563DF9}.Release|Any CPU.ActiveCfg = Release|Any CPU
		{800A2351-F707-42EF-8A35-209F82563DF9}.Release|Any CPU.Build.0 = Release|Any CPU
	EndGlobalSection
	GlobalSection(SolutionProperties) = preSolution
		HideSolutionNode = FALSE
	EndGlobalSection
	GlobalSection(NestedProjects) = preSolution
		{3539233D-B905-497F-8178-2304CBDBA768} = {2E623577-C14B-42DB-97D3-EBF1E1B5B554}
		{ED0C7CB9-CF67-404B-A788-03646BF351F5} = {2E623577-C14B-42DB-97D3-EBF1E1B5B554}
		{435C00C6-DF6A-487B-986C-E2A346D9A064} = {2E623577-C14B-42DB-97D3-EBF1E1B5B554}
		{D4A728C1-35D6-4107-B52C-16E44B46F1F1} = {2E623577-C14B-42DB-97D3-EBF1E1B5B554}
		{800A2351-F707-42EF-8A35-209F82563DF9} = {2E623577-C14B-42DB-97D3-EBF1E1B5B554}
	EndGlobalSection
	GlobalSection(ExtensibilityGlobals) = postSolution
		SolutionGuid = {3D45CC9B-D8C6-4DC1-8D68-09FBCD9371A8}
	EndGlobalSection
EndGlobal
